// !$*UTF8*$!
{
	archiveVersion = 1;
	classes = {
	};
	objectVersion = 46;
	objects = {

/* Begin PBXBuildFile section */
		5E1BA79419EDBC7400F66539 /* Photo.swift in Sources */ = {isa = PBXBuildFile; fileRef = 5E1BA79319EDBC7400F66539 /* Photo.swift */; };
		5E4B88DF19D07E0A00EEB9C3 /* AppDelegate.swift in Sources */ = {isa = PBXBuildFile; fileRef = 5E4B88DE19D07E0A00EEB9C3 /* AppDelegate.swift */; };
		5E4B88E119D07E0A00EEB9C3 /* WeatherViewController.swift in Sources */ = {isa = PBXBuildFile; fileRef = 5E4B88E019D07E0A00EEB9C3 /* WeatherViewController.swift */; };
		5E4B88E619D07E0A00EEB9C3 /* Images.xcassets in Resources */ = {isa = PBXBuildFile; fileRef = 5E4B88E519D07E0A00EEB9C3 /* Images.xcassets */; };
		5E4B88F519D07E0A00EEB9C3 /* PurdueTests.swift in Sources */ = {isa = PBXBuildFile; fileRef = 5E4B88F419D07E0A00EEB9C3 /* PurdueTests.swift */; };
		5E4B88FF19D07F9C00EEB9C3 /* LaunchScreen.xib in Resources */ = {isa = PBXBuildFile; fileRef = 5E4B88FE19D07F9C00EEB9C3 /* LaunchScreen.xib */; };
		5E4B890E19D08B4E00EEB9C3 /* ECPercentDrivenInteractiveTransition.m in Sources */ = {isa = PBXBuildFile; fileRef = 5E4B890219D08B4E00EEB9C3 /* ECPercentDrivenInteractiveTransition.m */; };
		5E4B890F19D08B4E00EEB9C3 /* ECSlidingAnimationController.m in Sources */ = {isa = PBXBuildFile; fileRef = 5E4B890419D08B4E00EEB9C3 /* ECSlidingAnimationController.m */; };
		5E4B891019D08B4E00EEB9C3 /* ECSlidingInteractiveTransition.m in Sources */ = {isa = PBXBuildFile; fileRef = 5E4B890719D08B4E00EEB9C3 /* ECSlidingInteractiveTransition.m */; };
		5E4B891119D08B4E00EEB9C3 /* ECSlidingSegue.m in Sources */ = {isa = PBXBuildFile; fileRef = 5E4B890919D08B4E00EEB9C3 /* ECSlidingSegue.m */; };
		5E4B891219D08B4E00EEB9C3 /* ECSlidingViewController.m in Sources */ = {isa = PBXBuildFile; fileRef = 5E4B890B19D08B4E00EEB9C3 /* ECSlidingViewController.m */; };
		5E4B891319D08B4E00EEB9C3 /* UIViewController+ECSlidingViewController.m in Sources */ = {isa = PBXBuildFile; fileRef = 5E4B890D19D08B4E00EEB9C3 /* UIViewController+ECSlidingViewController.m */; };
		5E4B891819D0903100EEB9C3 /* SideMenuViewController.swift in Sources */ = {isa = PBXBuildFile; fileRef = 5E4B891719D0903100EEB9C3 /* SideMenuViewController.swift */; };
		5E76EFC119E6C74C0059930E /* WeatherHelper.swift in Sources */ = {isa = PBXBuildFile; fileRef = 5E76EFC019E6C74C0059930E /* WeatherHelper.swift */; };
		5E83BFE019D66D3E00C883E1 /* APIKeys.swift in Sources */ = {isa = PBXBuildFile; fileRef = 5E83BFDF19D66D3E00C883E1 /* APIKeys.swift */; };
		5E83BFE619D7292300C883E1 /* NewsViewController.swift in Sources */ = {isa = PBXBuildFile; fileRef = 5E83BFE519D7292300C883E1 /* NewsViewController.swift */; };
		5E83BFEA19D729BB00C883E1 /* XMLReader.m in Sources */ = {isa = PBXBuildFile; fileRef = 5E83BFE919D729BB00C883E1 /* XMLReader.m */; };
		5E83C03F19D7439700C883E1 /* News.swift in Sources */ = {isa = PBXBuildFile; fileRef = 5E83C03E19D7439700C883E1 /* News.swift */; };
		5EA4C2C019D505E900E42732 /* Localizable.strings in Resources */ = {isa = PBXBuildFile; fileRef = 5EA4C2BF19D505E900E42732 /* Localizable.strings */; };
		5EA4C2C219D50E0600E42732 /* PUNavigationBar.swift in Sources */ = {isa = PBXBuildFile; fileRef = 5EA4C2C119D50E0600E42732 /* PUNavigationBar.swift */; };
		5EA4C2C419D5D36100E42732 /* GameViewController.swift in Sources */ = {isa = PBXBuildFile; fileRef = 5EA4C2C319D5D36100E42732 /* GameViewController.swift */; };
		5EA4C2CA19D5ED2100E42732 /* SCLAlertView.swift in Sources */ = {isa = PBXBuildFile; fileRef = 5EA4C2C919D5ED2100E42732 /* SCLAlertView.swift */; };
		5EB5FD8019FFDF2600491C22 /* AsyncImageView.m in Sources */ = {isa = PBXBuildFile; fileRef = 5EB5FD7F19FFDF2600491C22 /* AsyncImageView.m */; };
		5EB5FE1519FFE7B500491C22 /* ImageIO.framework in Frameworks */ = {isa = PBXBuildFile; fileRef = 5EB5FE1219FFE7A400491C22 /* ImageIO.framework */; };
		5EB5FE1619FFE7BE00491C22 /* MessageUI.framework in Frameworks */ = {isa = PBXBuildFile; fileRef = 5EB5FE0C19FFE79200491C22 /* MessageUI.framework */; };
		5EB5FE1719FFE7C600491C22 /* QuartzCore.framework in Frameworks */ = {isa = PBXBuildFile; fileRef = 5EB5FE0E19FFE79900491C22 /* QuartzCore.framework */; };
		5EB5FE1819FFE7C900491C22 /* AssetsLibrary.framework in Frameworks */ = {isa = PBXBuildFile; fileRef = 5EB5FE1019FFE79F00491C22 /* AssetsLibrary.framework */; };
		5EB5FF0C19FFF70300491C22 /* MWCaptionView.m in Sources */ = {isa = PBXBuildFile; fileRef = 5EB5FEAB19FFF70300491C22 /* MWCaptionView.m */; };
		5EB5FF0D19FFF70300491C22 /* MWGridCell.m in Sources */ = {isa = PBXBuildFile; fileRef = 5EB5FEAE19FFF70300491C22 /* MWGridCell.m */; };
		5EB5FF0E19FFF70300491C22 /* MWGridViewController.m in Sources */ = {isa = PBXBuildFile; fileRef = 5EB5FEB019FFF70300491C22 /* MWGridViewController.m */; };
		5EB5FF0F19FFF70300491C22 /* MWPhoto.m in Sources */ = {isa = PBXBuildFile; fileRef = 5EB5FEB219FFF70300491C22 /* MWPhoto.m */; };
		5EB5FF1019FFF70300491C22 /* MWPhotoBrowser.m in Sources */ = {isa = PBXBuildFile; fileRef = 5EB5FEB419FFF70300491C22 /* MWPhotoBrowser.m */; };
		5EB5FF1119FFF70300491C22 /* MWTapDetectingImageView.m in Sources */ = {isa = PBXBuildFile; fileRef = 5EB5FEB819FFF70300491C22 /* MWTapDetectingImageView.m */; };
		5EB5FF1219FFF70300491C22 /* MWTapDetectingView.m in Sources */ = {isa = PBXBuildFile; fileRef = 5EB5FEBA19FFF70300491C22 /* MWTapDetectingView.m */; };
		5EB5FF1319FFF70300491C22 /* MWZoomingScrollView.m in Sources */ = {isa = PBXBuildFile; fileRef = 5EB5FEBC19FFF70300491C22 /* MWZoomingScrollView.m */; };
		5EB5FF1419FFF70300491C22 /* DACircularProgressView.m in Sources */ = {isa = PBXBuildFile; fileRef = 5EB5FEC019FFF70300491C22 /* DACircularProgressView.m */; };
		5EB5FF1519FFF70300491C22 /* MBProgressHUD.m in Sources */ = {isa = PBXBuildFile; fileRef = 5EB5FEC319FFF70300491C22 /* MBProgressHUD.m */; };
		5EB5FF2419FFF70300491C22 /* LICENSE in Resources */ = {isa = PBXBuildFile; fileRef = 5EB5FEE319FFF70300491C22 /* LICENSE */; };
		5EB5FF2619FFF70300491C22 /* MKAnnotationView+WebCache.m in Sources */ = {isa = PBXBuildFile; fileRef = 5EB5FEE719FFF70300491C22 /* MKAnnotationView+WebCache.m */; };
		5EB5FF2719FFF70300491C22 /* NSData+ImageContentType.m in Sources */ = {isa = PBXBuildFile; fileRef = 5EB5FEE919FFF70300491C22 /* NSData+ImageContentType.m */; };
		5EB5FF2819FFF70300491C22 /* SDImageCache.m in Sources */ = {isa = PBXBuildFile; fileRef = 5EB5FEEB19FFF70300491C22 /* SDImageCache.m */; };
		5EB5FF2919FFF70300491C22 /* SDWebImageCompat.m in Sources */ = {isa = PBXBuildFile; fileRef = 5EB5FEED19FFF70300491C22 /* SDWebImageCompat.m */; };
		5EB5FF2A19FFF70300491C22 /* SDWebImageDecoder.m in Sources */ = {isa = PBXBuildFile; fileRef = 5EB5FEEF19FFF70300491C22 /* SDWebImageDecoder.m */; };
		5EB5FF2B19FFF70300491C22 /* SDWebImageDownloader.m in Sources */ = {isa = PBXBuildFile; fileRef = 5EB5FEF119FFF70300491C22 /* SDWebImageDownloader.m */; };
		5EB5FF2C19FFF70300491C22 /* SDWebImageDownloaderOperation.m in Sources */ = {isa = PBXBuildFile; fileRef = 5EB5FEF319FFF70300491C22 /* SDWebImageDownloaderOperation.m */; };
		5EB5FF2D19FFF70300491C22 /* SDWebImageManager.m in Sources */ = {isa = PBXBuildFile; fileRef = 5EB5FEF519FFF70300491C22 /* SDWebImageManager.m */; };
		5EB5FF2E19FFF70300491C22 /* SDWebImagePrefetcher.m in Sources */ = {isa = PBXBuildFile; fileRef = 5EB5FEF819FFF70300491C22 /* SDWebImagePrefetcher.m */; };
		5EB5FF2F19FFF70300491C22 /* UIButton+WebCache.m in Sources */ = {isa = PBXBuildFile; fileRef = 5EB5FEFA19FFF70300491C22 /* UIButton+WebCache.m */; };
		5EB5FF3019FFF70300491C22 /* UIImage+GIF.m in Sources */ = {isa = PBXBuildFile; fileRef = 5EB5FEFC19FFF70300491C22 /* UIImage+GIF.m */; };
		5EB5FF3119FFF70300491C22 /* UIImage+MultiFormat.m in Sources */ = {isa = PBXBuildFile; fileRef = 5EB5FEFE19FFF70300491C22 /* UIImage+MultiFormat.m */; };
		5EB5FF3219FFF70300491C22 /* UIImage+WebP.m in Sources */ = {isa = PBXBuildFile; fileRef = 5EB5FF0019FFF70300491C22 /* UIImage+WebP.m */; };
		5EB5FF3319FFF70300491C22 /* UIImageView+HighlightedWebCache.m in Sources */ = {isa = PBXBuildFile; fileRef = 5EB5FF0219FFF70300491C22 /* UIImageView+HighlightedWebCache.m */; };
		5EB5FF3419FFF70300491C22 /* UIImageView+WebCache.m in Sources */ = {isa = PBXBuildFile; fileRef = 5EB5FF0419FFF70300491C22 /* UIImageView+WebCache.m */; };
		5EB5FF3519FFF70300491C22 /* UIView+WebCacheOperation.m in Sources */ = {isa = PBXBuildFile; fileRef = 5EB5FF0619FFF70300491C22 /* UIView+WebCacheOperation.m */; };
		5EB5FF3619FFF70300491C22 /* MWPhotoBrowser.bundle in Resources */ = {isa = PBXBuildFile; fileRef = 5EB5FF0819FFF70300491C22 /* MWPhotoBrowser.bundle */; };
		5EB5FF3B19FFF77000491C22 /* UIKit.framework in Frameworks */ = {isa = PBXBuildFile; fileRef = 5EB5FF3A19FFF77000491C22 /* UIKit.framework */; };
		5EB5FF5919FFF82200491C22 /* NSIndexPath+PSTCollectionViewAdditions.m in Sources */ = {isa = PBXBuildFile; fileRef = 5EB5FF3E19FFF82200491C22 /* NSIndexPath+PSTCollectionViewAdditions.m */; };
		5EB5FF5A19FFF82200491C22 /* PSTCollectionView.m in Sources */ = {isa = PBXBuildFile; fileRef = 5EB5FF4019FFF82200491C22 /* PSTCollectionView.m */; };
		5EB5FF5B19FFF82200491C22 /* PSTCollectionViewCell.m in Sources */ = {isa = PBXBuildFile; fileRef = 5EB5FF4219FFF82200491C22 /* PSTCollectionViewCell.m */; };
		5EB5FF5C19FFF82200491C22 /* PSTCollectionViewController.m in Sources */ = {isa = PBXBuildFile; fileRef = 5EB5FF4519FFF82200491C22 /* PSTCollectionViewController.m */; };
		5EB5FF5D19FFF82200491C22 /* PSTCollectionViewData.m in Sources */ = {isa = PBXBuildFile; fileRef = 5EB5FF4719FFF82200491C22 /* PSTCollectionViewData.m */; };
		5EB5FF5E19FFF82200491C22 /* PSTCollectionViewFlowLayout.m in Sources */ = {isa = PBXBuildFile; fileRef = 5EB5FF4919FFF82200491C22 /* PSTCollectionViewFlowLayout.m */; };
		5EB5FF5F19FFF82200491C22 /* PSTCollectionViewItemKey.m in Sources */ = {isa = PBXBuildFile; fileRef = 5EB5FF4B19FFF82200491C22 /* PSTCollectionViewItemKey.m */; };
		5EB5FF6019FFF82200491C22 /* PSTCollectionViewLayout.m in Sources */ = {isa = PBXBuildFile; fileRef = 5EB5FF4E19FFF82200491C22 /* PSTCollectionViewLayout.m */; };
		5EB5FF6119FFF82200491C22 /* PSTCollectionViewUpdateItem.m in Sources */ = {isa = PBXBuildFile; fileRef = 5EB5FF5019FFF82200491C22 /* PSTCollectionViewUpdateItem.m */; };
		5EB5FF6219FFF82200491C22 /* PSTGridLayoutInfo.m in Sources */ = {isa = PBXBuildFile; fileRef = 5EB5FF5219FFF82200491C22 /* PSTGridLayoutInfo.m */; };
		5EB5FF6319FFF82200491C22 /* PSTGridLayoutItem.m in Sources */ = {isa = PBXBuildFile; fileRef = 5EB5FF5419FFF82200491C22 /* PSTGridLayoutItem.m */; };
		5EB5FF6419FFF82200491C22 /* PSTGridLayoutRow.m in Sources */ = {isa = PBXBuildFile; fileRef = 5EB5FF5619FFF82200491C22 /* PSTGridLayoutRow.m */; };
		5EB5FF6519FFF82200491C22 /* PSTGridLayoutSection.m in Sources */ = {isa = PBXBuildFile; fileRef = 5EB5FF5819FFF82200491C22 /* PSTGridLayoutSection.m */; };
		5EB6510B1A01B12000AB7257 /* StoreViewController.swift in Sources */ = {isa = PBXBuildFile; fileRef = 5EB6510A1A01B12000AB7257 /* StoreViewController.swift */; };
		5EB6510D1A01D33600AB7257 /* NewsDetailViewController.swift in Sources */ = {isa = PBXBuildFile; fileRef = 5EB6510C1A01D33600AB7257 /* NewsDetailViewController.swift */; };
		5EB6510F1A02BC3A00AB7257 /* Video.swift in Sources */ = {isa = PBXBuildFile; fileRef = 5EB6510E1A02BC3A00AB7257 /* Video.swift */; };
		5EB92BFD19DB26EC00176BCC /* MyMailViewController.swift in Sources */ = {isa = PBXBuildFile; fileRef = 5EB92BFC19DB26EC00176BCC /* MyMailViewController.swift */; };
		5EDAF99B1A06BF5800B954A9 /* VideoDetailViewController.swift in Sources */ = {isa = PBXBuildFile; fileRef = 5EDAF99A1A06BF5800B954A9 /* VideoDetailViewController.swift */; };
		5EDAF99D1A06C29800B954A9 /* DirectoryStudent.swift in Sources */ = {isa = PBXBuildFile; fileRef = 5EDAF99C1A06C29800B954A9 /* DirectoryStudent.swift */; };
		5EEB696019DF3BBF005619BA /* PhotoViewController.swift in Sources */ = {isa = PBXBuildFile; fileRef = 5EEB695F19DF3BBF005619BA /* PhotoViewController.swift */; };
		5EEB696219DF3BCC005619BA /* VideoViewController.swift in Sources */ = {isa = PBXBuildFile; fileRef = 5EEB696119DF3BCB005619BA /* VideoViewController.swift */; };
		5EEB696419DF3CE1005619BA /* BlackboardViewController.swift in Sources */ = {isa = PBXBuildFile; fileRef = 5EEB696319DF3CE1005619BA /* BlackboardViewController.swift */; };
		5EEB696619DF3EFC005619BA /* ScheduleViewController.swift in Sources */ = {isa = PBXBuildFile; fileRef = 5EEB696519DF3EFC005619BA /* ScheduleViewController.swift */; };
		5EEB696819DF3F12005619BA /* BusViewController.swift in Sources */ = {isa = PBXBuildFile; fileRef = 5EEB696719DF3F12005619BA /* BusViewController.swift */; };
		5EEB696A19DF3F18005619BA /* MapViewController.swift in Sources */ = {isa = PBXBuildFile; fileRef = 5EEB696919DF3F18005619BA /* MapViewController.swift */; };
		5EEB696C19DF3F30005619BA /* LabsViewController.swift in Sources */ = {isa = PBXBuildFile; fileRef = 5EEB696B19DF3F30005619BA /* LabsViewController.swift */; };
		5EEB696E19DF3F39005619BA /* CorecViewController.swift in Sources */ = {isa = PBXBuildFile; fileRef = 5EEB696D19DF3F39005619BA /* CorecViewController.swift */; };
		5EEB697019DF3F54005619BA /* MenuViewController.swift in Sources */ = {isa = PBXBuildFile; fileRef = 5EEB696F19DF3F54005619BA /* MenuViewController.swift */; };
		5EEB697219DF3F8B005619BA /* LibraryViewController.swift in Sources */ = {isa = PBXBuildFile; fileRef = 5EEB697119DF3F8A005619BA /* LibraryViewController.swift */; };
		5EEB697419DF3F9A005619BA /* DirectoryViewController.swift in Sources */ = {isa = PBXBuildFile; fileRef = 5EEB697319DF3F9A005619BA /* DirectoryViewController.swift */; };
		5EEB697619DF3FB5005619BA /* BandwidthViewController.swift in Sources */ = {isa = PBXBuildFile; fileRef = 5EEB697519DF3FB5005619BA /* BandwidthViewController.swift */; };
/* End PBXBuildFile section */

/* Begin PBXContainerItemProxy section */
		5E4B88EF19D07E0A00EEB9C3 /* PBXContainerItemProxy */ = {
			isa = PBXContainerItemProxy;
			containerPortal = 5E4B88D119D07E0A00EEB9C3 /* Project object */;
			proxyType = 1;
			remoteGlobalIDString = 5E4B88D819D07E0A00EEB9C3;
			remoteInfo = Purdue;
		};
/* End PBXContainerItemProxy section */

/* Begin PBXFileReference section */
		5E1BA79319EDBC7400F66539 /* Photo.swift */ = {isa = PBXFileReference; fileEncoding = 4; lastKnownFileType = sourcecode.swift; path = Photo.swift; sourceTree = "<group>"; };
		5E4B88D919D07E0A00EEB9C3 /* Purdue.app */ = {isa = PBXFileReference; explicitFileType = wrapper.application; includeInIndex = 0; path = Purdue.app; sourceTree = BUILT_PRODUCTS_DIR; };
		5E4B88DD19D07E0A00EEB9C3 /* Info.plist */ = {isa = PBXFileReference; lastKnownFileType = text.plist.xml; path = Info.plist; sourceTree = "<group>"; };
		5E4B88DE19D07E0A00EEB9C3 /* AppDelegate.swift */ = {isa = PBXFileReference; lastKnownFileType = sourcecode.swift; path = AppDelegate.swift; sourceTree = "<group>"; };
		5E4B88E019D07E0A00EEB9C3 /* WeatherViewController.swift */ = {isa = PBXFileReference; lastKnownFileType = sourcecode.swift; path = WeatherViewController.swift; sourceTree = "<group>"; };
		5E4B88E519D07E0A00EEB9C3 /* Images.xcassets */ = {isa = PBXFileReference; lastKnownFileType = folder.assetcatalog; path = Images.xcassets; sourceTree = "<group>"; };
		5E4B88EE19D07E0A00EEB9C3 /* PurdueTests.xctest */ = {isa = PBXFileReference; explicitFileType = wrapper.cfbundle; includeInIndex = 0; path = PurdueTests.xctest; sourceTree = BUILT_PRODUCTS_DIR; };
		5E4B88F319D07E0A00EEB9C3 /* Info.plist */ = {isa = PBXFileReference; lastKnownFileType = text.plist.xml; path = Info.plist; sourceTree = "<group>"; };
		5E4B88F419D07E0A00EEB9C3 /* PurdueTests.swift */ = {isa = PBXFileReference; lastKnownFileType = sourcecode.swift; path = PurdueTests.swift; sourceTree = "<group>"; };
		5E4B88FE19D07F9C00EEB9C3 /* LaunchScreen.xib */ = {isa = PBXFileReference; fileEncoding = 4; lastKnownFileType = file.xib; path = LaunchScreen.xib; sourceTree = "<group>"; };
		5E4B890119D08B4E00EEB9C3 /* ECPercentDrivenInteractiveTransition.h */ = {isa = PBXFileReference; fileEncoding = 4; lastKnownFileType = sourcecode.c.h; path = ECPercentDrivenInteractiveTransition.h; sourceTree = "<group>"; };
		5E4B890219D08B4E00EEB9C3 /* ECPercentDrivenInteractiveTransition.m */ = {isa = PBXFileReference; fileEncoding = 4; lastKnownFileType = sourcecode.c.objc; path = ECPercentDrivenInteractiveTransition.m; sourceTree = "<group>"; };
		5E4B890319D08B4E00EEB9C3 /* ECSlidingAnimationController.h */ = {isa = PBXFileReference; fileEncoding = 4; lastKnownFileType = sourcecode.c.h; path = ECSlidingAnimationController.h; sourceTree = "<group>"; };
		5E4B890419D08B4E00EEB9C3 /* ECSlidingAnimationController.m */ = {isa = PBXFileReference; fileEncoding = 4; lastKnownFileType = sourcecode.c.objc; path = ECSlidingAnimationController.m; sourceTree = "<group>"; };
		5E4B890519D08B4E00EEB9C3 /* ECSlidingConstants.h */ = {isa = PBXFileReference; fileEncoding = 4; lastKnownFileType = sourcecode.c.h; path = ECSlidingConstants.h; sourceTree = "<group>"; };
		5E4B890619D08B4E00EEB9C3 /* ECSlidingInteractiveTransition.h */ = {isa = PBXFileReference; fileEncoding = 4; lastKnownFileType = sourcecode.c.h; path = ECSlidingInteractiveTransition.h; sourceTree = "<group>"; };
		5E4B890719D08B4E00EEB9C3 /* ECSlidingInteractiveTransition.m */ = {isa = PBXFileReference; fileEncoding = 4; lastKnownFileType = sourcecode.c.objc; path = ECSlidingInteractiveTransition.m; sourceTree = "<group>"; };
		5E4B890819D08B4E00EEB9C3 /* ECSlidingSegue.h */ = {isa = PBXFileReference; fileEncoding = 4; lastKnownFileType = sourcecode.c.h; path = ECSlidingSegue.h; sourceTree = "<group>"; };
		5E4B890919D08B4E00EEB9C3 /* ECSlidingSegue.m */ = {isa = PBXFileReference; fileEncoding = 4; lastKnownFileType = sourcecode.c.objc; path = ECSlidingSegue.m; sourceTree = "<group>"; };
		5E4B890A19D08B4E00EEB9C3 /* ECSlidingViewController.h */ = {isa = PBXFileReference; fileEncoding = 4; lastKnownFileType = sourcecode.c.h; path = ECSlidingViewController.h; sourceTree = "<group>"; };
		5E4B890B19D08B4E00EEB9C3 /* ECSlidingViewController.m */ = {isa = PBXFileReference; fileEncoding = 4; lastKnownFileType = sourcecode.c.objc; path = ECSlidingViewController.m; sourceTree = "<group>"; };
		5E4B890C19D08B4E00EEB9C3 /* UIViewController+ECSlidingViewController.h */ = {isa = PBXFileReference; fileEncoding = 4; lastKnownFileType = sourcecode.c.h; path = "UIViewController+ECSlidingViewController.h"; sourceTree = "<group>"; };
		5E4B890D19D08B4E00EEB9C3 /* UIViewController+ECSlidingViewController.m */ = {isa = PBXFileReference; fileEncoding = 4; lastKnownFileType = sourcecode.c.objc; path = "UIViewController+ECSlidingViewController.m"; sourceTree = "<group>"; };
		5E4B891619D08CE400EEB9C3 /* PurdueApp-Bridging-Header.h */ = {isa = PBXFileReference; fileEncoding = 4; lastKnownFileType = sourcecode.c.h; path = "PurdueApp-Bridging-Header.h"; sourceTree = "<group>"; };
		5E4B891719D0903100EEB9C3 /* SideMenuViewController.swift */ = {isa = PBXFileReference; fileEncoding = 4; lastKnownFileType = sourcecode.swift; path = SideMenuViewController.swift; sourceTree = "<group>"; };
		5E76EFC019E6C74C0059930E /* WeatherHelper.swift */ = {isa = PBXFileReference; fileEncoding = 4; lastKnownFileType = sourcecode.swift; path = WeatherHelper.swift; sourceTree = "<group>"; };
		5E83BFDF19D66D3E00C883E1 /* APIKeys.swift */ = {isa = PBXFileReference; fileEncoding = 4; lastKnownFileType = sourcecode.swift; path = APIKeys.swift; sourceTree = "<group>"; };
		5E83BFE519D7292300C883E1 /* NewsViewController.swift */ = {isa = PBXFileReference; fileEncoding = 4; lastKnownFileType = sourcecode.swift; path = NewsViewController.swift; sourceTree = "<group>"; };
		5E83BFE819D729BB00C883E1 /* XMLReader.h */ = {isa = PBXFileReference; fileEncoding = 4; lastKnownFileType = sourcecode.c.h; path = XMLReader.h; sourceTree = "<group>"; };
		5E83BFE919D729BB00C883E1 /* XMLReader.m */ = {isa = PBXFileReference; fileEncoding = 4; lastKnownFileType = sourcecode.c.objc; path = XMLReader.m; sourceTree = "<group>"; };
		5E83C03E19D7439700C883E1 /* News.swift */ = {isa = PBXFileReference; fileEncoding = 4; lastKnownFileType = sourcecode.swift; path = News.swift; sourceTree = "<group>"; };
		5EA4C2BF19D505E900E42732 /* Localizable.strings */ = {isa = PBXFileReference; fileEncoding = 4; lastKnownFileType = text.plist.strings; path = Localizable.strings; sourceTree = "<group>"; };
		5EA4C2C119D50E0600E42732 /* PUNavigationBar.swift */ = {isa = PBXFileReference; fileEncoding = 4; lastKnownFileType = sourcecode.swift; path = PUNavigationBar.swift; sourceTree = "<group>"; };
		5EA4C2C319D5D36100E42732 /* GameViewController.swift */ = {isa = PBXFileReference; fileEncoding = 4; lastKnownFileType = sourcecode.swift; path = GameViewController.swift; sourceTree = "<group>"; };
		5EA4C2C919D5ED2100E42732 /* SCLAlertView.swift */ = {isa = PBXFileReference; fileEncoding = 4; lastKnownFileType = sourcecode.swift; path = SCLAlertView.swift; sourceTree = "<group>"; };
		5EB5FD7E19FFDF2600491C22 /* AsyncImageView.h */ = {isa = PBXFileReference; fileEncoding = 4; lastKnownFileType = sourcecode.c.h; path = AsyncImageView.h; sourceTree = "<group>"; };
		5EB5FD7F19FFDF2600491C22 /* AsyncImageView.m */ = {isa = PBXFileReference; fileEncoding = 4; lastKnownFileType = sourcecode.c.objc; path = AsyncImageView.m; sourceTree = "<group>"; };
		5EB5FE0C19FFE79200491C22 /* MessageUI.framework */ = {isa = PBXFileReference; lastKnownFileType = wrapper.framework; name = MessageUI.framework; path = System/Library/Frameworks/MessageUI.framework; sourceTree = SDKROOT; };
		5EB5FE0E19FFE79900491C22 /* QuartzCore.framework */ = {isa = PBXFileReference; lastKnownFileType = wrapper.framework; name = QuartzCore.framework; path = System/Library/Frameworks/QuartzCore.framework; sourceTree = SDKROOT; };
		5EB5FE1019FFE79F00491C22 /* AssetsLibrary.framework */ = {isa = PBXFileReference; lastKnownFileType = wrapper.framework; name = AssetsLibrary.framework; path = System/Library/Frameworks/AssetsLibrary.framework; sourceTree = SDKROOT; };
		5EB5FE1219FFE7A400491C22 /* ImageIO.framework */ = {isa = PBXFileReference; lastKnownFileType = wrapper.framework; name = ImageIO.framework; path = System/Library/Frameworks/ImageIO.framework; sourceTree = SDKROOT; };
		5EB5FEAA19FFF70300491C22 /* MWCaptionView.h */ = {isa = PBXFileReference; fileEncoding = 4; lastKnownFileType = sourcecode.c.h; path = MWCaptionView.h; sourceTree = "<group>"; };
		5EB5FEAB19FFF70300491C22 /* MWCaptionView.m */ = {isa = PBXFileReference; fileEncoding = 4; lastKnownFileType = sourcecode.c.objc; path = MWCaptionView.m; sourceTree = "<group>"; };
		5EB5FEAC19FFF70300491C22 /* MWCommon.h */ = {isa = PBXFileReference; fileEncoding = 4; lastKnownFileType = sourcecode.c.h; path = MWCommon.h; sourceTree = "<group>"; };
		5EB5FEAD19FFF70300491C22 /* MWGridCell.h */ = {isa = PBXFileReference; fileEncoding = 4; lastKnownFileType = sourcecode.c.h; path = MWGridCell.h; sourceTree = "<group>"; };
		5EB5FEAE19FFF70300491C22 /* MWGridCell.m */ = {isa = PBXFileReference; fileEncoding = 4; lastKnownFileType = sourcecode.c.objc; path = MWGridCell.m; sourceTree = "<group>"; };
		5EB5FEAF19FFF70300491C22 /* MWGridViewController.h */ = {isa = PBXFileReference; fileEncoding = 4; lastKnownFileType = sourcecode.c.h; path = MWGridViewController.h; sourceTree = "<group>"; };
		5EB5FEB019FFF70300491C22 /* MWGridViewController.m */ = {isa = PBXFileReference; fileEncoding = 4; lastKnownFileType = sourcecode.c.objc; path = MWGridViewController.m; sourceTree = "<group>"; };
		5EB5FEB119FFF70300491C22 /* MWPhoto.h */ = {isa = PBXFileReference; fileEncoding = 4; lastKnownFileType = sourcecode.c.h; path = MWPhoto.h; sourceTree = "<group>"; };
		5EB5FEB219FFF70300491C22 /* MWPhoto.m */ = {isa = PBXFileReference; fileEncoding = 4; lastKnownFileType = sourcecode.c.objc; path = MWPhoto.m; sourceTree = "<group>"; };
		5EB5FEB319FFF70300491C22 /* MWPhotoBrowser.h */ = {isa = PBXFileReference; fileEncoding = 4; lastKnownFileType = sourcecode.c.h; path = MWPhotoBrowser.h; sourceTree = "<group>"; };
		5EB5FEB419FFF70300491C22 /* MWPhotoBrowser.m */ = {isa = PBXFileReference; fileEncoding = 4; lastKnownFileType = sourcecode.c.objc; path = MWPhotoBrowser.m; sourceTree = "<group>"; };
		5EB5FEB519FFF70300491C22 /* MWPhotoBrowserPrivate.h */ = {isa = PBXFileReference; fileEncoding = 4; lastKnownFileType = sourcecode.c.h; path = MWPhotoBrowserPrivate.h; sourceTree = "<group>"; };
		5EB5FEB619FFF70300491C22 /* MWPhotoProtocol.h */ = {isa = PBXFileReference; fileEncoding = 4; lastKnownFileType = sourcecode.c.h; path = MWPhotoProtocol.h; sourceTree = "<group>"; };
		5EB5FEB719FFF70300491C22 /* MWTapDetectingImageView.h */ = {isa = PBXFileReference; fileEncoding = 4; lastKnownFileType = sourcecode.c.h; path = MWTapDetectingImageView.h; sourceTree = "<group>"; };
		5EB5FEB819FFF70300491C22 /* MWTapDetectingImageView.m */ = {isa = PBXFileReference; fileEncoding = 4; lastKnownFileType = sourcecode.c.objc; path = MWTapDetectingImageView.m; sourceTree = "<group>"; };
		5EB5FEB919FFF70300491C22 /* MWTapDetectingView.h */ = {isa = PBXFileReference; fileEncoding = 4; lastKnownFileType = sourcecode.c.h; path = MWTapDetectingView.h; sourceTree = "<group>"; };
		5EB5FEBA19FFF70300491C22 /* MWTapDetectingView.m */ = {isa = PBXFileReference; fileEncoding = 4; lastKnownFileType = sourcecode.c.objc; path = MWTapDetectingView.m; sourceTree = "<group>"; };
		5EB5FEBB19FFF70300491C22 /* MWZoomingScrollView.h */ = {isa = PBXFileReference; fileEncoding = 4; lastKnownFileType = sourcecode.c.h; path = MWZoomingScrollView.h; sourceTree = "<group>"; };
		5EB5FEBC19FFF70300491C22 /* MWZoomingScrollView.m */ = {isa = PBXFileReference; fileEncoding = 4; lastKnownFileType = sourcecode.c.objc; path = MWZoomingScrollView.m; sourceTree = "<group>"; };
		5EB5FEBF19FFF70300491C22 /* DACircularProgressView.h */ = {isa = PBXFileReference; fileEncoding = 4; lastKnownFileType = sourcecode.c.h; path = DACircularProgressView.h; sourceTree = "<group>"; };
		5EB5FEC019FFF70300491C22 /* DACircularProgressView.m */ = {isa = PBXFileReference; fileEncoding = 4; lastKnownFileType = sourcecode.c.objc; path = DACircularProgressView.m; sourceTree = "<group>"; };
		5EB5FEC219FFF70300491C22 /* MBProgressHUD.h */ = {isa = PBXFileReference; fileEncoding = 4; lastKnownFileType = sourcecode.c.h; path = MBProgressHUD.h; sourceTree = "<group>"; };
		5EB5FEC319FFF70300491C22 /* MBProgressHUD.m */ = {isa = PBXFileReference; fileEncoding = 4; lastKnownFileType = sourcecode.c.objc; path = MBProgressHUD.m; sourceTree = "<group>"; };
		5EB5FEE319FFF70300491C22 /* LICENSE */ = {isa = PBXFileReference; fileEncoding = 4; lastKnownFileType = text; path = LICENSE; sourceTree = "<group>"; };
		5EB5FEE619FFF70300491C22 /* MKAnnotationView+WebCache.h */ = {isa = PBXFileReference; fileEncoding = 4; lastKnownFileType = sourcecode.c.h; path = "MKAnnotationView+WebCache.h"; sourceTree = "<group>"; };
		5EB5FEE719FFF70300491C22 /* MKAnnotationView+WebCache.m */ = {isa = PBXFileReference; fileEncoding = 4; lastKnownFileType = sourcecode.c.objc; path = "MKAnnotationView+WebCache.m"; sourceTree = "<group>"; };
		5EB5FEE819FFF70300491C22 /* NSData+ImageContentType.h */ = {isa = PBXFileReference; fileEncoding = 4; lastKnownFileType = sourcecode.c.h; path = "NSData+ImageContentType.h"; sourceTree = "<group>"; };
		5EB5FEE919FFF70300491C22 /* NSData+ImageContentType.m */ = {isa = PBXFileReference; fileEncoding = 4; lastKnownFileType = sourcecode.c.objc; path = "NSData+ImageContentType.m"; sourceTree = "<group>"; };
		5EB5FEEA19FFF70300491C22 /* SDImageCache.h */ = {isa = PBXFileReference; fileEncoding = 4; lastKnownFileType = sourcecode.c.h; path = SDImageCache.h; sourceTree = "<group>"; };
		5EB5FEEB19FFF70300491C22 /* SDImageCache.m */ = {isa = PBXFileReference; fileEncoding = 4; lastKnownFileType = sourcecode.c.objc; path = SDImageCache.m; sourceTree = "<group>"; };
		5EB5FEEC19FFF70300491C22 /* SDWebImageCompat.h */ = {isa = PBXFileReference; fileEncoding = 4; lastKnownFileType = sourcecode.c.h; path = SDWebImageCompat.h; sourceTree = "<group>"; };
		5EB5FEED19FFF70300491C22 /* SDWebImageCompat.m */ = {isa = PBXFileReference; fileEncoding = 4; lastKnownFileType = sourcecode.c.objc; path = SDWebImageCompat.m; sourceTree = "<group>"; };
		5EB5FEEE19FFF70300491C22 /* SDWebImageDecoder.h */ = {isa = PBXFileReference; fileEncoding = 4; lastKnownFileType = sourcecode.c.h; path = SDWebImageDecoder.h; sourceTree = "<group>"; };
		5EB5FEEF19FFF70300491C22 /* SDWebImageDecoder.m */ = {isa = PBXFileReference; fileEncoding = 4; lastKnownFileType = sourcecode.c.objc; path = SDWebImageDecoder.m; sourceTree = "<group>"; };
		5EB5FEF019FFF70300491C22 /* SDWebImageDownloader.h */ = {isa = PBXFileReference; fileEncoding = 4; lastKnownFileType = sourcecode.c.h; path = SDWebImageDownloader.h; sourceTree = "<group>"; };
		5EB5FEF119FFF70300491C22 /* SDWebImageDownloader.m */ = {isa = PBXFileReference; fileEncoding = 4; lastKnownFileType = sourcecode.c.objc; path = SDWebImageDownloader.m; sourceTree = "<group>"; };
		5EB5FEF219FFF70300491C22 /* SDWebImageDownloaderOperation.h */ = {isa = PBXFileReference; fileEncoding = 4; lastKnownFileType = sourcecode.c.h; path = SDWebImageDownloaderOperation.h; sourceTree = "<group>"; };
		5EB5FEF319FFF70300491C22 /* SDWebImageDownloaderOperation.m */ = {isa = PBXFileReference; fileEncoding = 4; lastKnownFileType = sourcecode.c.objc; path = SDWebImageDownloaderOperation.m; sourceTree = "<group>"; };
		5EB5FEF419FFF70300491C22 /* SDWebImageManager.h */ = {isa = PBXFileReference; fileEncoding = 4; lastKnownFileType = sourcecode.c.h; path = SDWebImageManager.h; sourceTree = "<group>"; };
		5EB5FEF519FFF70300491C22 /* SDWebImageManager.m */ = {isa = PBXFileReference; fileEncoding = 4; lastKnownFileType = sourcecode.c.objc; path = SDWebImageManager.m; sourceTree = "<group>"; };
		5EB5FEF619FFF70300491C22 /* SDWebImageOperation.h */ = {isa = PBXFileReference; fileEncoding = 4; lastKnownFileType = sourcecode.c.h; path = SDWebImageOperation.h; sourceTree = "<group>"; };
		5EB5FEF719FFF70300491C22 /* SDWebImagePrefetcher.h */ = {isa = PBXFileReference; fileEncoding = 4; lastKnownFileType = sourcecode.c.h; path = SDWebImagePrefetcher.h; sourceTree = "<group>"; };
		5EB5FEF819FFF70300491C22 /* SDWebImagePrefetcher.m */ = {isa = PBXFileReference; fileEncoding = 4; lastKnownFileType = sourcecode.c.objc; path = SDWebImagePrefetcher.m; sourceTree = "<group>"; };
		5EB5FEF919FFF70300491C22 /* UIButton+WebCache.h */ = {isa = PBXFileReference; fileEncoding = 4; lastKnownFileType = sourcecode.c.h; path = "UIButton+WebCache.h"; sourceTree = "<group>"; };
		5EB5FEFA19FFF70300491C22 /* UIButton+WebCache.m */ = {isa = PBXFileReference; fileEncoding = 4; lastKnownFileType = sourcecode.c.objc; path = "UIButton+WebCache.m"; sourceTree = "<group>"; };
		5EB5FEFB19FFF70300491C22 /* UIImage+GIF.h */ = {isa = PBXFileReference; fileEncoding = 4; lastKnownFileType = sourcecode.c.h; path = "UIImage+GIF.h"; sourceTree = "<group>"; };
		5EB5FEFC19FFF70300491C22 /* UIImage+GIF.m */ = {isa = PBXFileReference; fileEncoding = 4; lastKnownFileType = sourcecode.c.objc; path = "UIImage+GIF.m"; sourceTree = "<group>"; };
		5EB5FEFD19FFF70300491C22 /* UIImage+MultiFormat.h */ = {isa = PBXFileReference; fileEncoding = 4; lastKnownFileType = sourcecode.c.h; path = "UIImage+MultiFormat.h"; sourceTree = "<group>"; };
		5EB5FEFE19FFF70300491C22 /* UIImage+MultiFormat.m */ = {isa = PBXFileReference; fileEncoding = 4; lastKnownFileType = sourcecode.c.objc; path = "UIImage+MultiFormat.m"; sourceTree = "<group>"; };
		5EB5FEFF19FFF70300491C22 /* UIImage+WebP.h */ = {isa = PBXFileReference; fileEncoding = 4; lastKnownFileType = sourcecode.c.h; path = "UIImage+WebP.h"; sourceTree = "<group>"; };
		5EB5FF0019FFF70300491C22 /* UIImage+WebP.m */ = {isa = PBXFileReference; fileEncoding = 4; lastKnownFileType = sourcecode.c.objc; path = "UIImage+WebP.m"; sourceTree = "<group>"; };
		5EB5FF0119FFF70300491C22 /* UIImageView+HighlightedWebCache.h */ = {isa = PBXFileReference; fileEncoding = 4; lastKnownFileType = sourcecode.c.h; path = "UIImageView+HighlightedWebCache.h"; sourceTree = "<group>"; };
		5EB5FF0219FFF70300491C22 /* UIImageView+HighlightedWebCache.m */ = {isa = PBXFileReference; fileEncoding = 4; lastKnownFileType = sourcecode.c.objc; path = "UIImageView+HighlightedWebCache.m"; sourceTree = "<group>"; };
		5EB5FF0319FFF70300491C22 /* UIImageView+WebCache.h */ = {isa = PBXFileReference; fileEncoding = 4; lastKnownFileType = sourcecode.c.h; path = "UIImageView+WebCache.h"; sourceTree = "<group>"; };
		5EB5FF0419FFF70300491C22 /* UIImageView+WebCache.m */ = {isa = PBXFileReference; fileEncoding = 4; lastKnownFileType = sourcecode.c.objc; path = "UIImageView+WebCache.m"; sourceTree = "<group>"; };
		5EB5FF0519FFF70300491C22 /* UIView+WebCacheOperation.h */ = {isa = PBXFileReference; fileEncoding = 4; lastKnownFileType = sourcecode.c.h; path = "UIView+WebCacheOperation.h"; sourceTree = "<group>"; };
		5EB5FF0619FFF70300491C22 /* UIView+WebCacheOperation.m */ = {isa = PBXFileReference; fileEncoding = 4; lastKnownFileType = sourcecode.c.objc; path = "UIView+WebCacheOperation.m"; sourceTree = "<group>"; };
		5EB5FF0819FFF70300491C22 /* MWPhotoBrowser.bundle */ = {isa = PBXFileReference; lastKnownFileType = "wrapper.plug-in"; path = MWPhotoBrowser.bundle; sourceTree = "<group>"; };
		5EB5FF3A19FFF77000491C22 /* UIKit.framework */ = {isa = PBXFileReference; lastKnownFileType = wrapper.framework; name = UIKit.framework; path = System/Library/Frameworks/UIKit.framework; sourceTree = SDKROOT; };
		5EB5FF3D19FFF82200491C22 /* NSIndexPath+PSTCollectionViewAdditions.h */ = {isa = PBXFileReference; fileEncoding = 4; lastKnownFileType = sourcecode.c.h; path = "NSIndexPath+PSTCollectionViewAdditions.h"; sourceTree = "<group>"; };
		5EB5FF3E19FFF82200491C22 /* NSIndexPath+PSTCollectionViewAdditions.m */ = {isa = PBXFileReference; fileEncoding = 4; lastKnownFileType = sourcecode.c.objc; path = "NSIndexPath+PSTCollectionViewAdditions.m"; sourceTree = "<group>"; };
		5EB5FF3F19FFF82200491C22 /* PSTCollectionView.h */ = {isa = PBXFileReference; fileEncoding = 4; lastKnownFileType = sourcecode.c.h; path = PSTCollectionView.h; sourceTree = "<group>"; };
		5EB5FF4019FFF82200491C22 /* PSTCollectionView.m */ = {isa = PBXFileReference; fileEncoding = 4; lastKnownFileType = sourcecode.c.objc; path = PSTCollectionView.m; sourceTree = "<group>"; };
		5EB5FF4119FFF82200491C22 /* PSTCollectionViewCell.h */ = {isa = PBXFileReference; fileEncoding = 4; lastKnownFileType = sourcecode.c.h; path = PSTCollectionViewCell.h; sourceTree = "<group>"; };
		5EB5FF4219FFF82200491C22 /* PSTCollectionViewCell.m */ = {isa = PBXFileReference; fileEncoding = 4; lastKnownFileType = sourcecode.c.objc; path = PSTCollectionViewCell.m; sourceTree = "<group>"; };
		5EB5FF4319FFF82200491C22 /* PSTCollectionViewCommon.h */ = {isa = PBXFileReference; fileEncoding = 4; lastKnownFileType = sourcecode.c.h; path = PSTCollectionViewCommon.h; sourceTree = "<group>"; };
		5EB5FF4419FFF82200491C22 /* PSTCollectionViewController.h */ = {isa = PBXFileReference; fileEncoding = 4; lastKnownFileType = sourcecode.c.h; path = PSTCollectionViewController.h; sourceTree = "<group>"; };
		5EB5FF4519FFF82200491C22 /* PSTCollectionViewController.m */ = {isa = PBXFileReference; fileEncoding = 4; lastKnownFileType = sourcecode.c.objc; path = PSTCollectionViewController.m; sourceTree = "<group>"; };
		5EB5FF4619FFF82200491C22 /* PSTCollectionViewData.h */ = {isa = PBXFileReference; fileEncoding = 4; lastKnownFileType = sourcecode.c.h; path = PSTCollectionViewData.h; sourceTree = "<group>"; };
		5EB5FF4719FFF82200491C22 /* PSTCollectionViewData.m */ = {isa = PBXFileReference; fileEncoding = 4; lastKnownFileType = sourcecode.c.objc; path = PSTCollectionViewData.m; sourceTree = "<group>"; };
		5EB5FF4819FFF82200491C22 /* PSTCollectionViewFlowLayout.h */ = {isa = PBXFileReference; fileEncoding = 4; lastKnownFileType = sourcecode.c.h; path = PSTCollectionViewFlowLayout.h; sourceTree = "<group>"; };
		5EB5FF4919FFF82200491C22 /* PSTCollectionViewFlowLayout.m */ = {isa = PBXFileReference; fileEncoding = 4; lastKnownFileType = sourcecode.c.objc; path = PSTCollectionViewFlowLayout.m; sourceTree = "<group>"; };
		5EB5FF4A19FFF82200491C22 /* PSTCollectionViewItemKey.h */ = {isa = PBXFileReference; fileEncoding = 4; lastKnownFileType = sourcecode.c.h; path = PSTCollectionViewItemKey.h; sourceTree = "<group>"; };
		5EB5FF4B19FFF82200491C22 /* PSTCollectionViewItemKey.m */ = {isa = PBXFileReference; fileEncoding = 4; lastKnownFileType = sourcecode.c.objc; path = PSTCollectionViewItemKey.m; sourceTree = "<group>"; };
		5EB5FF4C19FFF82200491C22 /* PSTCollectionViewLayout+Internals.h */ = {isa = PBXFileReference; fileEncoding = 4; lastKnownFileType = sourcecode.c.h; path = "PSTCollectionViewLayout+Internals.h"; sourceTree = "<group>"; };
		5EB5FF4D19FFF82200491C22 /* PSTCollectionViewLayout.h */ = {isa = PBXFileReference; fileEncoding = 4; lastKnownFileType = sourcecode.c.h; path = PSTCollectionViewLayout.h; sourceTree = "<group>"; };
		5EB5FF4E19FFF82200491C22 /* PSTCollectionViewLayout.m */ = {isa = PBXFileReference; fileEncoding = 4; lastKnownFileType = sourcecode.c.objc; path = PSTCollectionViewLayout.m; sourceTree = "<group>"; };
		5EB5FF4F19FFF82200491C22 /* PSTCollectionViewUpdateItem.h */ = {isa = PBXFileReference; fileEncoding = 4; lastKnownFileType = sourcecode.c.h; path = PSTCollectionViewUpdateItem.h; sourceTree = "<group>"; };
		5EB5FF5019FFF82200491C22 /* PSTCollectionViewUpdateItem.m */ = {isa = PBXFileReference; fileEncoding = 4; lastKnownFileType = sourcecode.c.objc; path = PSTCollectionViewUpdateItem.m; sourceTree = "<group>"; };
		5EB5FF5119FFF82200491C22 /* PSTGridLayoutInfo.h */ = {isa = PBXFileReference; fileEncoding = 4; lastKnownFileType = sourcecode.c.h; path = PSTGridLayoutInfo.h; sourceTree = "<group>"; };
		5EB5FF5219FFF82200491C22 /* PSTGridLayoutInfo.m */ = {isa = PBXFileReference; fileEncoding = 4; lastKnownFileType = sourcecode.c.objc; path = PSTGridLayoutInfo.m; sourceTree = "<group>"; };
		5EB5FF5319FFF82200491C22 /* PSTGridLayoutItem.h */ = {isa = PBXFileReference; fileEncoding = 4; lastKnownFileType = sourcecode.c.h; path = PSTGridLayoutItem.h; sourceTree = "<group>"; };
		5EB5FF5419FFF82200491C22 /* PSTGridLayoutItem.m */ = {isa = PBXFileReference; fileEncoding = 4; lastKnownFileType = sourcecode.c.objc; path = PSTGridLayoutItem.m; sourceTree = "<group>"; };
		5EB5FF5519FFF82200491C22 /* PSTGridLayoutRow.h */ = {isa = PBXFileReference; fileEncoding = 4; lastKnownFileType = sourcecode.c.h; path = PSTGridLayoutRow.h; sourceTree = "<group>"; };
		5EB5FF5619FFF82200491C22 /* PSTGridLayoutRow.m */ = {isa = PBXFileReference; fileEncoding = 4; lastKnownFileType = sourcecode.c.objc; path = PSTGridLayoutRow.m; sourceTree = "<group>"; };
		5EB5FF5719FFF82200491C22 /* PSTGridLayoutSection.h */ = {isa = PBXFileReference; fileEncoding = 4; lastKnownFileType = sourcecode.c.h; path = PSTGridLayoutSection.h; sourceTree = "<group>"; };
		5EB5FF5819FFF82200491C22 /* PSTGridLayoutSection.m */ = {isa = PBXFileReference; fileEncoding = 4; lastKnownFileType = sourcecode.c.objc; path = PSTGridLayoutSection.m; sourceTree = "<group>"; };
		5EB6510A1A01B12000AB7257 /* StoreViewController.swift */ = {isa = PBXFileReference; fileEncoding = 4; lastKnownFileType = sourcecode.swift; path = StoreViewController.swift; sourceTree = "<group>"; };
		5EB6510C1A01D33600AB7257 /* NewsDetailViewController.swift */ = {isa = PBXFileReference; fileEncoding = 4; lastKnownFileType = sourcecode.swift; path = NewsDetailViewController.swift; sourceTree = "<group>"; };
		5EB6510E1A02BC3A00AB7257 /* Video.swift */ = {isa = PBXFileReference; fileEncoding = 4; lastKnownFileType = sourcecode.swift; path = Video.swift; sourceTree = "<group>"; };
		5EB92BFC19DB26EC00176BCC /* MyMailViewController.swift */ = {isa = PBXFileReference; fileEncoding = 4; lastKnownFileType = sourcecode.swift; path = MyMailViewController.swift; sourceTree = "<group>"; };
		5EDAF99A1A06BF5800B954A9 /* VideoDetailViewController.swift */ = {isa = PBXFileReference; fileEncoding = 4; lastKnownFileType = sourcecode.swift; path = VideoDetailViewController.swift; sourceTree = "<group>"; };
		5EDAF99C1A06C29800B954A9 /* DirectoryStudent.swift */ = {isa = PBXFileReference; fileEncoding = 4; lastKnownFileType = sourcecode.swift; path = DirectoryStudent.swift; sourceTree = "<group>"; };
		5EEB695F19DF3BBF005619BA /* PhotoViewController.swift */ = {isa = PBXFileReference; fileEncoding = 4; lastKnownFileType = sourcecode.swift; path = PhotoViewController.swift; sourceTree = "<group>"; };
		5EEB696119DF3BCB005619BA /* VideoViewController.swift */ = {isa = PBXFileReference; fileEncoding = 4; lastKnownFileType = sourcecode.swift; path = VideoViewController.swift; sourceTree = "<group>"; };
		5EEB696319DF3CE1005619BA /* BlackboardViewController.swift */ = {isa = PBXFileReference; fileEncoding = 4; lastKnownFileType = sourcecode.swift; path = BlackboardViewController.swift; sourceTree = "<group>"; };
		5EEB696519DF3EFC005619BA /* ScheduleViewController.swift */ = {isa = PBXFileReference; fileEncoding = 4; lastKnownFileType = sourcecode.swift; path = ScheduleViewController.swift; sourceTree = "<group>"; };
		5EEB696719DF3F12005619BA /* BusViewController.swift */ = {isa = PBXFileReference; fileEncoding = 4; lastKnownFileType = sourcecode.swift; path = BusViewController.swift; sourceTree = "<group>"; };
		5EEB696919DF3F18005619BA /* MapViewController.swift */ = {isa = PBXFileReference; fileEncoding = 4; lastKnownFileType = sourcecode.swift; path = MapViewController.swift; sourceTree = "<group>"; };
		5EEB696B19DF3F30005619BA /* LabsViewController.swift */ = {isa = PBXFileReference; fileEncoding = 4; lastKnownFileType = sourcecode.swift; path = LabsViewController.swift; sourceTree = "<group>"; };
		5EEB696D19DF3F39005619BA /* CorecViewController.swift */ = {isa = PBXFileReference; fileEncoding = 4; lastKnownFileType = sourcecode.swift; path = CorecViewController.swift; sourceTree = "<group>"; };
		5EEB696F19DF3F54005619BA /* MenuViewController.swift */ = {isa = PBXFileReference; fileEncoding = 4; lastKnownFileType = sourcecode.swift; path = MenuViewController.swift; sourceTree = "<group>"; };
		5EEB697119DF3F8A005619BA /* LibraryViewController.swift */ = {isa = PBXFileReference; fileEncoding = 4; lastKnownFileType = sourcecode.swift; path = LibraryViewController.swift; sourceTree = "<group>"; };
		5EEB697319DF3F9A005619BA /* DirectoryViewController.swift */ = {isa = PBXFileReference; fileEncoding = 4; lastKnownFileType = sourcecode.swift; path = DirectoryViewController.swift; sourceTree = "<group>"; };
		5EEB697519DF3FB5005619BA /* BandwidthViewController.swift */ = {isa = PBXFileReference; fileEncoding = 4; lastKnownFileType = sourcecode.swift; path = BandwidthViewController.swift; sourceTree = "<group>"; };
/* End PBXFileReference section */

/* Begin PBXFrameworksBuildPhase section */
		5E4B88D619D07E0A00EEB9C3 /* Frameworks */ = {
			isa = PBXFrameworksBuildPhase;
			buildActionMask = 2147483647;
			files = (
				5EB5FF3B19FFF77000491C22 /* UIKit.framework in Frameworks */,
				5EB5FE1819FFE7C900491C22 /* AssetsLibrary.framework in Frameworks */,
				5EB5FE1719FFE7C600491C22 /* QuartzCore.framework in Frameworks */,
				5EB5FE1619FFE7BE00491C22 /* MessageUI.framework in Frameworks */,
				5EB5FE1519FFE7B500491C22 /* ImageIO.framework in Frameworks */,
			);
			runOnlyForDeploymentPostprocessing = 0;
		};
		5E4B88EB19D07E0A00EEB9C3 /* Frameworks */ = {
			isa = PBXFrameworksBuildPhase;
			buildActionMask = 2147483647;
			files = (
			);
			runOnlyForDeploymentPostprocessing = 0;
		};
/* End PBXFrameworksBuildPhase section */

/* Begin PBXGroup section */
		5E4B88D019D07E0A00EEB9C3 = {
			isa = PBXGroup;
			children = (
				5EB5FE1419FFE7A800491C22 /* Frameworks */,
				5E4B88DB19D07E0A00EEB9C3 /* Purdue */,
				5E4B88F119D07E0A00EEB9C3 /* PurdueTests */,
				5E4B88DA19D07E0A00EEB9C3 /* Products */,
			);
			sourceTree = "<group>";
		};
		5E4B88DA19D07E0A00EEB9C3 /* Products */ = {
			isa = PBXGroup;
			children = (
				5E4B88D919D07E0A00EEB9C3 /* Purdue.app */,
				5E4B88EE19D07E0A00EEB9C3 /* PurdueTests.xctest */,
			);
			name = Products;
			sourceTree = "<group>";
		};
		5E4B88DB19D07E0A00EEB9C3 /* Purdue */ = {
			isa = PBXGroup;
			children = (
				5E76EFC219E6C7510059930E /* Helpers */,
				5E83C04019D7439F00C883E1 /* Models */,
				5EA4C2C519D5EA0700E42732 /* Libraries */,
				5EA4C2C619D5EA1800E42732 /* UI Subclass */,
				5EA4C2C719D5EA2600E42732 /* View Controllers */,
				5E4B88E519D07E0A00EEB9C3 /* Images.xcassets */,
				5E4B88DC19D07E0A00EEB9C3 /* Supporting Files */,
			);
			path = Purdue;
			sourceTree = "<group>";
		};
		5E4B88DC19D07E0A00EEB9C3 /* Supporting Files */ = {
			isa = PBXGroup;
			children = (
				5E83BFDF19D66D3E00C883E1 /* APIKeys.swift */,
				5E4B891619D08CE400EEB9C3 /* PurdueApp-Bridging-Header.h */,
				5E4B88DD19D07E0A00EEB9C3 /* Info.plist */,
				5EA4C2BF19D505E900E42732 /* Localizable.strings */,
				5E4B88DE19D07E0A00EEB9C3 /* AppDelegate.swift */,
				5E4B891719D0903100EEB9C3 /* SideMenuViewController.swift */,
				5E4B88FE19D07F9C00EEB9C3 /* LaunchScreen.xib */,
			);
			name = "Supporting Files";
			sourceTree = "<group>";
		};
		5E4B88F119D07E0A00EEB9C3 /* PurdueTests */ = {
			isa = PBXGroup;
			children = (
				5E4B88F419D07E0A00EEB9C3 /* PurdueTests.swift */,
				5E4B88F219D07E0A00EEB9C3 /* Supporting Files */,
			);
			path = PurdueTests;
			sourceTree = "<group>";
		};
		5E4B88F219D07E0A00EEB9C3 /* Supporting Files */ = {
			isa = PBXGroup;
			children = (
				5E4B88F319D07E0A00EEB9C3 /* Info.plist */,
			);
			name = "Supporting Files";
			sourceTree = "<group>";
		};
		5E4B890019D08B4E00EEB9C3 /* ECSlidingViewController */ = {
			isa = PBXGroup;
			children = (
				5E4B890119D08B4E00EEB9C3 /* ECPercentDrivenInteractiveTransition.h */,
				5E4B890219D08B4E00EEB9C3 /* ECPercentDrivenInteractiveTransition.m */,
				5E4B890319D08B4E00EEB9C3 /* ECSlidingAnimationController.h */,
				5E4B890419D08B4E00EEB9C3 /* ECSlidingAnimationController.m */,
				5E4B890519D08B4E00EEB9C3 /* ECSlidingConstants.h */,
				5E4B890619D08B4E00EEB9C3 /* ECSlidingInteractiveTransition.h */,
				5E4B890719D08B4E00EEB9C3 /* ECSlidingInteractiveTransition.m */,
				5E4B890819D08B4E00EEB9C3 /* ECSlidingSegue.h */,
				5E4B890919D08B4E00EEB9C3 /* ECSlidingSegue.m */,
				5E4B890A19D08B4E00EEB9C3 /* ECSlidingViewController.h */,
				5E4B890B19D08B4E00EEB9C3 /* ECSlidingViewController.m */,
				5E4B890C19D08B4E00EEB9C3 /* UIViewController+ECSlidingViewController.h */,
				5E4B890D19D08B4E00EEB9C3 /* UIViewController+ECSlidingViewController.m */,
			);
			path = ECSlidingViewController;
			sourceTree = "<group>";
		};
		5E76EFC219E6C7510059930E /* Helpers */ = {
			isa = PBXGroup;
			children = (
				5E76EFC019E6C74C0059930E /* WeatherHelper.swift */,
			);
			name = Helpers;
			sourceTree = "<group>";
		};
		5E83BFE719D729BB00C883E1 /* XMLReader */ = {
			isa = PBXGroup;
			children = (
				5E83BFE819D729BB00C883E1 /* XMLReader.h */,
				5E83BFE919D729BB00C883E1 /* XMLReader.m */,
			);
			path = XMLReader;
			sourceTree = "<group>";
		};
		5E83C04019D7439F00C883E1 /* Models */ = {
			isa = PBXGroup;
			children = (
				5EDAF99C1A06C29800B954A9 /* DirectoryStudent.swift */,
				5E83C03E19D7439700C883E1 /* News.swift */,
				5E1BA79319EDBC7400F66539 /* Photo.swift */,
				5EB6510E1A02BC3A00AB7257 /* Video.swift */,
			);
			name = Models;
			sourceTree = "<group>";
		};
		5EA4C2C519D5EA0700E42732 /* Libraries */ = {
			isa = PBXGroup;
			children = (
				5EB5FEA819FFF70300491C22 /* MWPhotoBrowser */,
				5EB5FD7D19FFDF2600491C22 /* AsyncImageView */,
				5E83BFE719D729BB00C883E1 /* XMLReader */,
				5EA4C2C819D5ED2100E42732 /* SCLAlertView */,
				5E4B890019D08B4E00EEB9C3 /* ECSlidingViewController */,
			);
			name = Libraries;
			sourceTree = "<group>";
		};
		5EA4C2C619D5EA1800E42732 /* UI Subclass */ = {
			isa = PBXGroup;
			children = (
				5EA4C2C119D50E0600E42732 /* PUNavigationBar.swift */,
			);
			name = "UI Subclass";
			sourceTree = "<group>";
		};
		5EA4C2C719D5EA2600E42732 /* View Controllers */ = {
			isa = PBXGroup;
			children = (
				5EEB697519DF3FB5005619BA /* BandwidthViewController.swift */,
				5EEB696319DF3CE1005619BA /* BlackboardViewController.swift */,
				5EEB696719DF3F12005619BA /* BusViewController.swift */,
				5EEB696D19DF3F39005619BA /* CorecViewController.swift */,
				5EEB697319DF3F9A005619BA /* DirectoryViewController.swift */,
				5EA4C2C319D5D36100E42732 /* GameViewController.swift */,
				5EEB696B19DF3F30005619BA /* LabsViewController.swift */,
				5EEB697119DF3F8A005619BA /* LibraryViewController.swift */,
				5EEB696919DF3F18005619BA /* MapViewController.swift */,
				5EEB696F19DF3F54005619BA /* MenuViewController.swift */,
				5EB92BFC19DB26EC00176BCC /* MyMailViewController.swift */,
				5E83BFE519D7292300C883E1 /* NewsViewController.swift */,
				5EB6510C1A01D33600AB7257 /* NewsDetailViewController.swift */,
				5EEB695F19DF3BBF005619BA /* PhotoViewController.swift */,
				5EEB696519DF3EFC005619BA /* ScheduleViewController.swift */,
				5EEB696119DF3BCB005619BA /* VideoViewController.swift */,
				5EDAF99A1A06BF5800B954A9 /* VideoDetailViewController.swift */,
				5E4B88E019D07E0A00EEB9C3 /* WeatherViewController.swift */,
				5EB6510A1A01B12000AB7257 /* StoreViewController.swift */,
			);
			name = "View Controllers";
			sourceTree = "<group>";
		};
		5EA4C2C819D5ED2100E42732 /* SCLAlertView */ = {
			isa = PBXGroup;
			children = (
				5EA4C2C919D5ED2100E42732 /* SCLAlertView.swift */,
			);
			path = SCLAlertView;
			sourceTree = "<group>";
		};
		5EB5FD7D19FFDF2600491C22 /* AsyncImageView */ = {
			isa = PBXGroup;
			children = (
				5EB5FD7E19FFDF2600491C22 /* AsyncImageView.h */,
				5EB5FD7F19FFDF2600491C22 /* AsyncImageView.m */,
			);
			path = AsyncImageView;
			sourceTree = "<group>";
		};
		5EB5FE1419FFE7A800491C22 /* Frameworks */ = {
			isa = PBXGroup;
			children = (
				5EB5FF3A19FFF77000491C22 /* UIKit.framework */,
				5EB5FE1219FFE7A400491C22 /* ImageIO.framework */,
				5EB5FE1019FFE79F00491C22 /* AssetsLibrary.framework */,
				5EB5FE0E19FFE79900491C22 /* QuartzCore.framework */,
				5EB5FE0C19FFE79200491C22 /* MessageUI.framework */,
			);
			name = Frameworks;
			sourceTree = "<group>";
		};
		5EB5FEA819FFF70300491C22 /* MWPhotoBrowser */ = {
			isa = PBXGroup;
			children = (
				5EB5FEA919FFF70300491C22 /* Classes */,
				5EB5FEBD19FFF70300491C22 /* Libraries */,
				5EB5FF0819FFF70300491C22 /* MWPhotoBrowser.bundle */,
			);
			path = MWPhotoBrowser;
			sourceTree = "<group>";
		};
		5EB5FEA919FFF70300491C22 /* Classes */ = {
			isa = PBXGroup;
			children = (
				5EB5FEAA19FFF70300491C22 /* MWCaptionView.h */,
				5EB5FEAB19FFF70300491C22 /* MWCaptionView.m */,
				5EB5FEAC19FFF70300491C22 /* MWCommon.h */,
				5EB5FEAD19FFF70300491C22 /* MWGridCell.h */,
				5EB5FEAE19FFF70300491C22 /* MWGridCell.m */,
				5EB5FEAF19FFF70300491C22 /* MWGridViewController.h */,
				5EB5FEB019FFF70300491C22 /* MWGridViewController.m */,
				5EB5FEB119FFF70300491C22 /* MWPhoto.h */,
				5EB5FEB219FFF70300491C22 /* MWPhoto.m */,
				5EB5FEB319FFF70300491C22 /* MWPhotoBrowser.h */,
				5EB5FEB419FFF70300491C22 /* MWPhotoBrowser.m */,
				5EB5FEB519FFF70300491C22 /* MWPhotoBrowserPrivate.h */,
				5EB5FEB619FFF70300491C22 /* MWPhotoProtocol.h */,
				5EB5FEB719FFF70300491C22 /* MWTapDetectingImageView.h */,
				5EB5FEB819FFF70300491C22 /* MWTapDetectingImageView.m */,
				5EB5FEB919FFF70300491C22 /* MWTapDetectingView.h */,
				5EB5FEBA19FFF70300491C22 /* MWTapDetectingView.m */,
				5EB5FEBB19FFF70300491C22 /* MWZoomingScrollView.h */,
				5EB5FEBC19FFF70300491C22 /* MWZoomingScrollView.m */,
			);
			path = Classes;
			sourceTree = "<group>";
		};
		5EB5FEBD19FFF70300491C22 /* Libraries */ = {
			isa = PBXGroup;
			children = (
				5EB5FF3C19FFF82200491C22 /* PSTCollectionView */,
				5EB5FEBE19FFF70300491C22 /* DACircularProgress */,
				5EB5FEC119FFF70300491C22 /* MBProgressHUD */,
				5EB5FEE219FFF70300491C22 /* SDWebImage */,
			);
			path = Libraries;
			sourceTree = "<group>";
		};
		5EB5FEBE19FFF70300491C22 /* DACircularProgress */ = {
			isa = PBXGroup;
			children = (
				5EB5FEBF19FFF70300491C22 /* DACircularProgressView.h */,
				5EB5FEC019FFF70300491C22 /* DACircularProgressView.m */,
			);
			path = DACircularProgress;
			sourceTree = "<group>";
		};
		5EB5FEC119FFF70300491C22 /* MBProgressHUD */ = {
			isa = PBXGroup;
			children = (
				5EB5FEC219FFF70300491C22 /* MBProgressHUD.h */,
				5EB5FEC319FFF70300491C22 /* MBProgressHUD.m */,
			);
			path = MBProgressHUD;
			sourceTree = "<group>";
		};
		5EB5FEE219FFF70300491C22 /* SDWebImage */ = {
			isa = PBXGroup;
			children = (
				5EB5FEE319FFF70300491C22 /* LICENSE */,
				5EB5FEE519FFF70300491C22 /* SDWebImage */,
			);
			path = SDWebImage;
			sourceTree = "<group>";
		};
		5EB5FEE519FFF70300491C22 /* SDWebImage */ = {
			isa = PBXGroup;
			children = (
				5EB5FEE619FFF70300491C22 /* MKAnnotationView+WebCache.h */,
				5EB5FEE719FFF70300491C22 /* MKAnnotationView+WebCache.m */,
				5EB5FEE819FFF70300491C22 /* NSData+ImageContentType.h */,
				5EB5FEE919FFF70300491C22 /* NSData+ImageContentType.m */,
				5EB5FEEA19FFF70300491C22 /* SDImageCache.h */,
				5EB5FEEB19FFF70300491C22 /* SDImageCache.m */,
				5EB5FEEC19FFF70300491C22 /* SDWebImageCompat.h */,
				5EB5FEED19FFF70300491C22 /* SDWebImageCompat.m */,
				5EB5FEEE19FFF70300491C22 /* SDWebImageDecoder.h */,
				5EB5FEEF19FFF70300491C22 /* SDWebImageDecoder.m */,
				5EB5FEF019FFF70300491C22 /* SDWebImageDownloader.h */,
				5EB5FEF119FFF70300491C22 /* SDWebImageDownloader.m */,
				5EB5FEF219FFF70300491C22 /* SDWebImageDownloaderOperation.h */,
				5EB5FEF319FFF70300491C22 /* SDWebImageDownloaderOperation.m */,
				5EB5FEF419FFF70300491C22 /* SDWebImageManager.h */,
				5EB5FEF519FFF70300491C22 /* SDWebImageManager.m */,
				5EB5FEF619FFF70300491C22 /* SDWebImageOperation.h */,
				5EB5FEF719FFF70300491C22 /* SDWebImagePrefetcher.h */,
				5EB5FEF819FFF70300491C22 /* SDWebImagePrefetcher.m */,
				5EB5FEF919FFF70300491C22 /* UIButton+WebCache.h */,
				5EB5FEFA19FFF70300491C22 /* UIButton+WebCache.m */,
				5EB5FEFB19FFF70300491C22 /* UIImage+GIF.h */,
				5EB5FEFC19FFF70300491C22 /* UIImage+GIF.m */,
				5EB5FEFD19FFF70300491C22 /* UIImage+MultiFormat.h */,
				5EB5FEFE19FFF70300491C22 /* UIImage+MultiFormat.m */,
				5EB5FEFF19FFF70300491C22 /* UIImage+WebP.h */,
				5EB5FF0019FFF70300491C22 /* UIImage+WebP.m */,
				5EB5FF0119FFF70300491C22 /* UIImageView+HighlightedWebCache.h */,
				5EB5FF0219FFF70300491C22 /* UIImageView+HighlightedWebCache.m */,
				5EB5FF0319FFF70300491C22 /* UIImageView+WebCache.h */,
				5EB5FF0419FFF70300491C22 /* UIImageView+WebCache.m */,
				5EB5FF0519FFF70300491C22 /* UIView+WebCacheOperation.h */,
				5EB5FF0619FFF70300491C22 /* UIView+WebCacheOperation.m */,
			);
			path = SDWebImage;
			sourceTree = "<group>";
		};
		5EB5FF3C19FFF82200491C22 /* PSTCollectionView */ = {
			isa = PBXGroup;
			children = (
				5EB5FF3D19FFF82200491C22 /* NSIndexPath+PSTCollectionViewAdditions.h */,
				5EB5FF3E19FFF82200491C22 /* NSIndexPath+PSTCollectionViewAdditions.m */,
				5EB5FF3F19FFF82200491C22 /* PSTCollectionView.h */,
				5EB5FF4019FFF82200491C22 /* PSTCollectionView.m */,
				5EB5FF4119FFF82200491C22 /* PSTCollectionViewCell.h */,
				5EB5FF4219FFF82200491C22 /* PSTCollectionViewCell.m */,
				5EB5FF4319FFF82200491C22 /* PSTCollectionViewCommon.h */,
				5EB5FF4419FFF82200491C22 /* PSTCollectionViewController.h */,
				5EB5FF4519FFF82200491C22 /* PSTCollectionViewController.m */,
				5EB5FF4619FFF82200491C22 /* PSTCollectionViewData.h */,
				5EB5FF4719FFF82200491C22 /* PSTCollectionViewData.m */,
				5EB5FF4819FFF82200491C22 /* PSTCollectionViewFlowLayout.h */,
				5EB5FF4919FFF82200491C22 /* PSTCollectionViewFlowLayout.m */,
				5EB5FF4A19FFF82200491C22 /* PSTCollectionViewItemKey.h */,
				5EB5FF4B19FFF82200491C22 /* PSTCollectionViewItemKey.m */,
				5EB5FF4C19FFF82200491C22 /* PSTCollectionViewLayout+Internals.h */,
				5EB5FF4D19FFF82200491C22 /* PSTCollectionViewLayout.h */,
				5EB5FF4E19FFF82200491C22 /* PSTCollectionViewLayout.m */,
				5EB5FF4F19FFF82200491C22 /* PSTCollectionViewUpdateItem.h */,
				5EB5FF5019FFF82200491C22 /* PSTCollectionViewUpdateItem.m */,
				5EB5FF5119FFF82200491C22 /* PSTGridLayoutInfo.h */,
				5EB5FF5219FFF82200491C22 /* PSTGridLayoutInfo.m */,
				5EB5FF5319FFF82200491C22 /* PSTGridLayoutItem.h */,
				5EB5FF5419FFF82200491C22 /* PSTGridLayoutItem.m */,
				5EB5FF5519FFF82200491C22 /* PSTGridLayoutRow.h */,
				5EB5FF5619FFF82200491C22 /* PSTGridLayoutRow.m */,
				5EB5FF5719FFF82200491C22 /* PSTGridLayoutSection.h */,
				5EB5FF5819FFF82200491C22 /* PSTGridLayoutSection.m */,
			);
			path = PSTCollectionView;
			sourceTree = "<group>";
		};
/* End PBXGroup section */

/* Begin PBXNativeTarget section */
		5E4B88D819D07E0A00EEB9C3 /* Purdue */ = {
			isa = PBXNativeTarget;
			buildConfigurationList = 5E4B88F819D07E0A00EEB9C3 /* Build configuration list for PBXNativeTarget "Purdue" */;
			buildPhases = (
				5E4B88D519D07E0A00EEB9C3 /* Sources */,
				5E4B88D619D07E0A00EEB9C3 /* Frameworks */,
				5E4B88D719D07E0A00EEB9C3 /* Resources */,
			);
			buildRules = (
			);
			dependencies = (
			);
			name = Purdue;
			productName = Purdue;
			productReference = 5E4B88D919D07E0A00EEB9C3 /* Purdue.app */;
			productType = "com.apple.product-type.application";
		};
		5E4B88ED19D07E0A00EEB9C3 /* PurdueTests */ = {
			isa = PBXNativeTarget;
			buildConfigurationList = 5E4B88FB19D07E0A00EEB9C3 /* Build configuration list for PBXNativeTarget "PurdueTests" */;
			buildPhases = (
				5E4B88EA19D07E0A00EEB9C3 /* Sources */,
				5E4B88EB19D07E0A00EEB9C3 /* Frameworks */,
				5E4B88EC19D07E0A00EEB9C3 /* Resources */,
			);
			buildRules = (
			);
			dependencies = (
				5E4B88F019D07E0A00EEB9C3 /* PBXTargetDependency */,
			);
			name = PurdueTests;
			productName = PurdueTests;
			productReference = 5E4B88EE19D07E0A00EEB9C3 /* PurdueTests.xctest */;
			productType = "com.apple.product-type.bundle.unit-test";
		};
/* End PBXNativeTarget section */

/* Begin PBXProject section */
		5E4B88D119D07E0A00EEB9C3 /* Project object */ = {
			isa = PBXProject;
			attributes = {
				LastUpgradeCheck = 0600;
				ORGANIZATIONNAME = "Purdue University";
				TargetAttributes = {
					5E4B88D819D07E0A00EEB9C3 = {
						CreatedOnToolsVersion = 6.0;
						DevelopmentTeam = ZP97V36F9T;
					};
					5E4B88ED19D07E0A00EEB9C3 = {
						CreatedOnToolsVersion = 6.0;
						TestTargetID = 5E4B88D819D07E0A00EEB9C3;
					};
				};
			};
			buildConfigurationList = 5E4B88D419D07E0A00EEB9C3 /* Build configuration list for PBXProject "Purdue" */;
			compatibilityVersion = "Xcode 3.2";
			developmentRegion = English;
			hasScannedForEncodings = 0;
			knownRegions = (
				en,
				Base,
			);
			mainGroup = 5E4B88D019D07E0A00EEB9C3;
			productRefGroup = 5E4B88DA19D07E0A00EEB9C3 /* Products */;
			projectDirPath = "";
			projectRoot = "";
			targets = (
				5E4B88D819D07E0A00EEB9C3 /* Purdue */,
				5E4B88ED19D07E0A00EEB9C3 /* PurdueTests */,
			);
		};
/* End PBXProject section */

/* Begin PBXResourcesBuildPhase section */
		5E4B88D719D07E0A00EEB9C3 /* Resources */ = {
			isa = PBXResourcesBuildPhase;
			buildActionMask = 2147483647;
			files = (
				5EA4C2C019D505E900E42732 /* Localizable.strings in Resources */,
				5E4B88FF19D07F9C00EEB9C3 /* LaunchScreen.xib in Resources */,
				5EB5FF2419FFF70300491C22 /* LICENSE in Resources */,
				5E4B88E619D07E0A00EEB9C3 /* Images.xcassets in Resources */,
				5EB5FF3619FFF70300491C22 /* MWPhotoBrowser.bundle in Resources */,
			);
			runOnlyForDeploymentPostprocessing = 0;
		};
		5E4B88EC19D07E0A00EEB9C3 /* Resources */ = {
			isa = PBXResourcesBuildPhase;
			buildActionMask = 2147483647;
			files = (
			);
			runOnlyForDeploymentPostprocessing = 0;
		};
/* End PBXResourcesBuildPhase section */

/* Begin PBXSourcesBuildPhase section */
		5E4B88D519D07E0A00EEB9C3 /* Sources */ = {
			isa = PBXSourcesBuildPhase;
			buildActionMask = 2147483647;
			files = (
				5EB5FF6319FFF82200491C22 /* PSTGridLayoutItem.m in Sources */,
				5E4B891019D08B4E00EEB9C3 /* ECSlidingInteractiveTransition.m in Sources */,
				5EB5FF0E19FFF70300491C22 /* MWGridViewController.m in Sources */,
				5E4B88E119D07E0A00EEB9C3 /* WeatherViewController.swift in Sources */,
				5EB5FF5D19FFF82200491C22 /* PSTCollectionViewData.m in Sources */,
				5EB5FF3319FFF70300491C22 /* UIImageView+HighlightedWebCache.m in Sources */,
				5E83C03F19D7439700C883E1 /* News.swift in Sources */,
				5EB5FF1119FFF70300491C22 /* MWTapDetectingImageView.m in Sources */,
				5E83BFE019D66D3E00C883E1 /* APIKeys.swift in Sources */,
				5E4B891219D08B4E00EEB9C3 /* ECSlidingViewController.m in Sources */,
				5EEB696219DF3BCC005619BA /* VideoViewController.swift in Sources */,
				5EB5FF5B19FFF82200491C22 /* PSTCollectionViewCell.m in Sources */,
				5EB5FF2919FFF70300491C22 /* SDWebImageCompat.m in Sources */,
				5EB5FF2A19FFF70300491C22 /* SDWebImageDecoder.m in Sources */,
				5EB5FF0C19FFF70300491C22 /* MWCaptionView.m in Sources */,
				5EB5FF3119FFF70300491C22 /* UIImage+MultiFormat.m in Sources */,
				5EEB696019DF3BBF005619BA /* PhotoViewController.swift in Sources */,
				5EB5FD8019FFDF2600491C22 /* AsyncImageView.m in Sources */,
				5EB5FF2719FFF70300491C22 /* NSData+ImageContentType.m in Sources */,
				5EEB697219DF3F8B005619BA /* LibraryViewController.swift in Sources */,
				5EEB697019DF3F54005619BA /* MenuViewController.swift in Sources */,
				5EB5FF3519FFF70300491C22 /* UIView+WebCacheOperation.m in Sources */,
				5EB5FF2C19FFF70300491C22 /* SDWebImageDownloaderOperation.m in Sources */,
				5EB5FF1519FFF70300491C22 /* MBProgressHUD.m in Sources */,
				5EB5FF2B19FFF70300491C22 /* SDWebImageDownloader.m in Sources */,
				5EEB696819DF3F12005619BA /* BusViewController.swift in Sources */,
				5E4B891119D08B4E00EEB9C3 /* ECSlidingSegue.m in Sources */,
				5EB5FF2819FFF70300491C22 /* SDImageCache.m in Sources */,
				5EDAF99B1A06BF5800B954A9 /* VideoDetailViewController.swift in Sources */,
				5EB5FF2619FFF70300491C22 /* MKAnnotationView+WebCache.m in Sources */,
				5EEB697619DF3FB5005619BA /* BandwidthViewController.swift in Sources */,
				5EB5FF2F19FFF70300491C22 /* UIButton+WebCache.m in Sources */,
				5EEB696A19DF3F18005619BA /* MapViewController.swift in Sources */,
				5EB6510B1A01B12000AB7257 /* StoreViewController.swift in Sources */,
				5EB5FF1419FFF70300491C22 /* DACircularProgressView.m in Sources */,
				5E4B88DF19D07E0A00EEB9C3 /* AppDelegate.swift in Sources */,
				5EEB696419DF3CE1005619BA /* BlackboardViewController.swift in Sources */,
				5EDAF99D1A06C29800B954A9 /* DirectoryStudent.swift in Sources */,
				5EEB696E19DF3F39005619BA /* CorecViewController.swift in Sources */,
				5E76EFC119E6C74C0059930E /* WeatherHelper.swift in Sources */,
				5E1BA79419EDBC7400F66539 /* Photo.swift in Sources */,
				5EB6510F1A02BC3A00AB7257 /* Video.swift in Sources */,
				5EEB696C19DF3F30005619BA /* LabsViewController.swift in Sources */,
				5EB5FF6419FFF82200491C22 /* PSTGridLayoutRow.m in Sources */,
				5EB5FF6519FFF82200491C22 /* PSTGridLayoutSection.m in Sources */,
				5E4B890E19D08B4E00EEB9C3 /* ECPercentDrivenInteractiveTransition.m in Sources */,
				5E83BFEA19D729BB00C883E1 /* XMLReader.m in Sources */,
				5EEB696619DF3EFC005619BA /* ScheduleViewController.swift in Sources */,
				5E4B891319D08B4E00EEB9C3 /* UIViewController+ECSlidingViewController.m in Sources */,
				5EB5FF1019FFF70300491C22 /* MWPhotoBrowser.m in Sources */,
				5EB6510D1A01D33600AB7257 /* NewsDetailViewController.swift in Sources */,
				5EB5FF3419FFF70300491C22 /* UIImageView+WebCache.m in Sources */,
				5EB5FF0D19FFF70300491C22 /* MWGridCell.m in Sources */,
				5E4B891819D0903100EEB9C3 /* SideMenuViewController.swift in Sources */,
				5EB5FF3019FFF70300491C22 /* UIImage+GIF.m in Sources */,
				5EB92BFD19DB26EC00176BCC /* MyMailViewController.swift in Sources */,
				5EA4C2C219D50E0600E42732 /* PUNavigationBar.swift in Sources */,
				5EB5FF5E19FFF82200491C22 /* PSTCollectionViewFlowLayout.m in Sources */,
				5EA4C2C419D5D36100E42732 /* GameViewController.swift in Sources */,
				5EB5FF6019FFF82200491C22 /* PSTCollectionViewLayout.m in Sources */,
				5EB5FF1319FFF70300491C22 /* MWZoomingScrollView.m in Sources */,
				5EB5FF6119FFF82200491C22 /* PSTCollectionViewUpdateItem.m in Sources */,
				5EEB697419DF3F9A005619BA /* DirectoryViewController.swift in Sources */,
				5E83BFE619D7292300C883E1 /* NewsViewController.swift in Sources */,
				5EB5FF2D19FFF70300491C22 /* SDWebImageManager.m in Sources */,
				5EA4C2CA19D5ED2100E42732 /* SCLAlertView.swift in Sources */,
				5EB5FF0F19FFF70300491C22 /* MWPhoto.m in Sources */,
				5EB5FF5A19FFF82200491C22 /* PSTCollectionView.m in Sources */,
				5EB5FF5C19FFF82200491C22 /* PSTCollectionViewController.m in Sources */,
				5EB5FF2E19FFF70300491C22 /* SDWebImagePrefetcher.m in Sources */,
				5EB5FF5F19FFF82200491C22 /* PSTCollectionViewItemKey.m in Sources */,
				5EB5FF3219FFF70300491C22 /* UIImage+WebP.m in Sources */,
				5E4B890F19D08B4E00EEB9C3 /* ECSlidingAnimationController.m in Sources */,
				5EB5FF1219FFF70300491C22 /* MWTapDetectingView.m in Sources */,
				5EB5FF5919FFF82200491C22 /* NSIndexPath+PSTCollectionViewAdditions.m in Sources */,
				5EB5FF6219FFF82200491C22 /* PSTGridLayoutInfo.m in Sources */,
			);
			runOnlyForDeploymentPostprocessing = 0;
		};
		5E4B88EA19D07E0A00EEB9C3 /* Sources */ = {
			isa = PBXSourcesBuildPhase;
			buildActionMask = 2147483647;
			files = (
				5E4B88F519D07E0A00EEB9C3 /* PurdueTests.swift in Sources */,
			);
			runOnlyForDeploymentPostprocessing = 0;
		};
/* End PBXSourcesBuildPhase section */

/* Begin PBXTargetDependency section */
		5E4B88F019D07E0A00EEB9C3 /* PBXTargetDependency */ = {
			isa = PBXTargetDependency;
			target = 5E4B88D819D07E0A00EEB9C3 /* Purdue */;
			targetProxy = 5E4B88EF19D07E0A00EEB9C3 /* PBXContainerItemProxy */;
		};
/* End PBXTargetDependency section */

/* Begin XCBuildConfiguration section */
		5E4B88F619D07E0A00EEB9C3 /* Debug */ = {
			isa = XCBuildConfiguration;
			buildSettings = {
				ALWAYS_SEARCH_USER_PATHS = NO;
				CLANG_CXX_LANGUAGE_STANDARD = "gnu++0x";
				CLANG_CXX_LIBRARY = "libc++";
				CLANG_ENABLE_MODULES = YES;
				CLANG_ENABLE_OBJC_ARC = YES;
				CLANG_WARN_BOOL_CONVERSION = YES;
				CLANG_WARN_CONSTANT_CONVERSION = YES;
				CLANG_WARN_DIRECT_OBJC_ISA_USAGE = YES_ERROR;
				CLANG_WARN_EMPTY_BODY = YES;
				CLANG_WARN_ENUM_CONVERSION = YES;
				CLANG_WARN_INT_CONVERSION = YES;
				CLANG_WARN_OBJC_ROOT_CLASS = YES_ERROR;
				CLANG_WARN_UNREACHABLE_CODE = YES;
				CLANG_WARN__DUPLICATE_METHOD_MATCH = YES;
				"CODE_SIGN_IDENTITY[sdk=iphoneos*]" = "iPhone Developer";
				COPY_PHASE_STRIP = NO;
				ENABLE_STRICT_OBJC_MSGSEND = YES;
				GCC_C_LANGUAGE_STANDARD = gnu99;
				GCC_DYNAMIC_NO_PIC = NO;
				GCC_OPTIMIZATION_LEVEL = 0;
				GCC_PREPROCESSOR_DEFINITIONS = (
					"DEBUG=1",
					"$(inherited)",
				);
				GCC_SYMBOLS_PRIVATE_EXTERN = NO;
				GCC_WARN_64_TO_32_BIT_CONVERSION = YES;
				GCC_WARN_ABOUT_RETURN_TYPE = YES_ERROR;
				GCC_WARN_UNDECLARED_SELECTOR = YES;
				GCC_WARN_UNINITIALIZED_AUTOS = YES_AGGRESSIVE;
				GCC_WARN_UNUSED_FUNCTION = YES;
				GCC_WARN_UNUSED_VARIABLE = YES;
				IPHONEOS_DEPLOYMENT_TARGET = 8.0;
				MTL_ENABLE_DEBUG_INFO = YES;
				ONLY_ACTIVE_ARCH = YES;
				SDKROOT = iphoneos;
				SWIFT_OPTIMIZATION_LEVEL = "-Onone";
				TARGETED_DEVICE_FAMILY = "1,2";
			};
			name = Debug;
		};
		5E4B88F719D07E0A00EEB9C3 /* Release */ = {
			isa = XCBuildConfiguration;
			buildSettings = {
				ALWAYS_SEARCH_USER_PATHS = NO;
				CLANG_CXX_LANGUAGE_STANDARD = "gnu++0x";
				CLANG_CXX_LIBRARY = "libc++";
				CLANG_ENABLE_MODULES = YES;
				CLANG_ENABLE_OBJC_ARC = YES;
				CLANG_WARN_BOOL_CONVERSION = YES;
				CLANG_WARN_CONSTANT_CONVERSION = YES;
				CLANG_WARN_DIRECT_OBJC_ISA_USAGE = YES_ERROR;
				CLANG_WARN_EMPTY_BODY = YES;
				CLANG_WARN_ENUM_CONVERSION = YES;
				CLANG_WARN_INT_CONVERSION = YES;
				CLANG_WARN_OBJC_ROOT_CLASS = YES_ERROR;
				CLANG_WARN_UNREACHABLE_CODE = YES;
				CLANG_WARN__DUPLICATE_METHOD_MATCH = YES;
				"CODE_SIGN_IDENTITY[sdk=iphoneos*]" = "iPhone Developer";
				COPY_PHASE_STRIP = YES;
				ENABLE_NS_ASSERTIONS = NO;
				ENABLE_STRICT_OBJC_MSGSEND = YES;
				GCC_C_LANGUAGE_STANDARD = gnu99;
				GCC_WARN_64_TO_32_BIT_CONVERSION = YES;
				GCC_WARN_ABOUT_RETURN_TYPE = YES_ERROR;
				GCC_WARN_UNDECLARED_SELECTOR = YES;
				GCC_WARN_UNINITIALIZED_AUTOS = YES_AGGRESSIVE;
				GCC_WARN_UNUSED_FUNCTION = YES;
				GCC_WARN_UNUSED_VARIABLE = YES;
				IPHONEOS_DEPLOYMENT_TARGET = 8.0;
				MTL_ENABLE_DEBUG_INFO = NO;
				SDKROOT = iphoneos;
				TARGETED_DEVICE_FAMILY = "1,2";
				VALIDATE_PRODUCT = YES;
			};
			name = Release;
		};
		5E4B88F919D07E0A00EEB9C3 /* Debug */ = {
			isa = XCBuildConfiguration;
			buildSettings = {
				ALWAYS_SEARCH_USER_PATHS = YES;
				ASSETCATALOG_COMPILER_APPICON_NAME = AppIcon;
				ASSETCATALOG_COMPILER_LAUNCHIMAGE_NAME = LaunchImage;
				CODE_SIGN_IDENTITY = "iPhone Developer";
				"CODE_SIGN_IDENTITY[sdk=iphoneos*]" = "iPhone Developer";
				INFOPLIST_FILE = Purdue/Info.plist;
				IPHONEOS_DEPLOYMENT_TARGET = 7.0;
				LD_RUNPATH_SEARCH_PATHS = "$(inherited) @executable_path/Frameworks";
				PRODUCT_NAME = "$(TARGET_NAME)";
				PROVISIONING_PROFILE = "";
				SWIFT_OBJC_BRIDGING_HEADER = "Purdue/PurdueApp-Bridging-Header.h";
				SWIFT_OPTIMIZATION_LEVEL = "-Onone";
				USER_HEADER_SEARCH_PATHS = "../**";
			};
			name = Debug;
		};
		5E4B88FA19D07E0A00EEB9C3 /* Release */ = {
			isa = XCBuildConfiguration;
			buildSettings = {
				ALWAYS_SEARCH_USER_PATHS = YES;
				ASSETCATALOG_COMPILER_APPICON_NAME = AppIcon;
				ASSETCATALOG_COMPILER_LAUNCHIMAGE_NAME = LaunchImage;
				CODE_SIGN_IDENTITY = "iPhone Developer";
				"CODE_SIGN_IDENTITY[sdk=iphoneos*]" = "iPhone Developer";
				INFOPLIST_FILE = Purdue/Info.plist;
				IPHONEOS_DEPLOYMENT_TARGET = 7.0;
				LD_RUNPATH_SEARCH_PATHS = "$(inherited) @executable_path/Frameworks";
				PRODUCT_NAME = "$(TARGET_NAME)";
				PROVISIONING_PROFILE = "";
				SWIFT_OBJC_BRIDGING_HEADER = "Purdue/PurdueApp-Bridging-Header.h";
				SWIFT_OPTIMIZATION_LEVEL = "-O";
				USER_HEADER_SEARCH_PATHS = "../**";
			};
			name = Release;
		};
		5E4B88FC19D07E0A00EEB9C3 /* Debug */ = {
			isa = XCBuildConfiguration;
			buildSettings = {
				BUNDLE_LOADER = "$(TEST_HOST)";
				FRAMEWORK_SEARCH_PATHS = (
					"$(SDKROOT)/Developer/Library/Frameworks",
					"$(inherited)",
				);
				GCC_PREPROCESSOR_DEFINITIONS = (
					"DEBUG=1",
					"$(inherited)",
				);
				INFOPLIST_FILE = PurdueTests/Info.plist;
				LD_RUNPATH_SEARCH_PATHS = "$(inherited) @executable_path/Frameworks @loader_path/Frameworks";
				PRODUCT_NAME = "$(TARGET_NAME)";
				TEST_HOST = "$(BUILT_PRODUCTS_DIR)/Purdue.app/Purdue";
			};
			name = Debug;
		};
		5E4B88FD19D07E0A00EEB9C3 /* Release */ = {
			isa = XCBuildConfiguration;
			buildSettings = {
				BUNDLE_LOADER = "$(TEST_HOST)";
				FRAMEWORK_SEARCH_PATHS = (
					"$(SDKROOT)/Developer/Library/Frameworks",
					"$(inherited)",
				);
				INFOPLIST_FILE = PurdueTests/Info.plist;
				LD_RUNPATH_SEARCH_PATHS = "$(inherited) @executable_path/Frameworks @loader_path/Frameworks";
				PRODUCT_NAME = "$(TARGET_NAME)";
				TEST_HOST = "$(BUILT_PRODUCTS_DIR)/Purdue.app/Purdue";
			};
			name = Release;
		};
/* End XCBuildConfiguration section */

/* Begin XCConfigurationList section */
		5E4B88D419D07E0A00EEB9C3 /* Build configuration list for PBXProject "Purdue" */ = {
			isa = XCConfigurationList;
			buildConfigurations = (
				5E4B88F619D07E0A00EEB9C3 /* Debug */,
				5E4B88F719D07E0A00EEB9C3 /* Release */,
			);
			defaultConfigurationIsVisible = 0;
			defaultConfigurationName = Release;
		};
		5E4B88F819D07E0A00EEB9C3 /* Build configuration list for PBXNativeTarget "Purdue" */ = {
			isa = XCConfigurationList;
			buildConfigurations = (
				5E4B88F919D07E0A00EEB9C3 /* Debug */,
				5E4B88FA19D07E0A00EEB9C3 /* Release */,
			);
			defaultConfigurationIsVisible = 0;
			defaultConfigurationName = Release;
		};
		5E4B88FB19D07E0A00EEB9C3 /* Build configuration list for PBXNativeTarget "PurdueTests" */ = {
			isa = XCConfigurationList;
			buildConfigurations = (
				5E4B88FC19D07E0A00EEB9C3 /* Debug */,
				5E4B88FD19D07E0A00EEB9C3 /* Release */,
			);
			defaultConfigurationIsVisible = 0;
			defaultConfigurationName = Release;
		};
/* End XCConfigurationList section */
	};
	rootObject = 5E4B88D119D07E0A00EEB9C3 /* Project object */;
}
